
Microsoft Visual Studio Solution File, Format Version 12.00
# Visual Studio 15
Project("{FAE04EC0-301F-11D3-BF4B-00C04F79EFBC}") = "DomainModel", "DomainModel.csproj", "{865EA5CC-194B-403E-A30A-1D7FC2656E43}"
EndProject
Global
	GlobalSection(SolutionConfigurationPlatforms) = preSolution
		Debug|Any CPU = Debug|Any CPU
		Release|Any CPU = Release|Any CPU
	EndGlobalSection
	GlobalSection(ProjectConfigurationPlatforms) = postSolution
		{865EA5CC-194B-403E-A30A-1D7FC2656E43}.Debug|Any CPU.ActiveCfg = Debug|Any CPU
		{865EA5CC-194B-403E-A30A-1D7FC2656E43}.Debug|Any CPU.Build.0 = Debug|Any CPU
		{865EA5CC-194B-403E-A30A-1D7FC2656E43}.Release|Any CPU.ActiveCfg = Release|Any CPU
		{865EA5CC-194B-403E-A30A-1D7FC2656E43}.Release|Any CPU.Build.0 = Release|Any CPU
	EndGlobalSection
EndGlobal
